NeoBundleLock YankRing.vim 28854abef8fa4ebd3cb219aefcf22566997d8f65
NeoBundleLock ctrlp.vim 564176f01d7f3f7f8ab452ff4e1f5314de7b0981
NeoBundleLock emmet-vim 52f3af7ca8bc6a9988fcd80c7189591330fbcadd
NeoBundleLock jedi-vim 8334e505b389168d28c947d88de237d8001a1e8e
NeoBundleLock neobundle.vim 380d9d299300019c0a9970ae6b87faabedab0747
NeoBundleLock neocomplcache 778181767467b8f8016828898779a646074d883a
NeoBundleLock neosnippet b823c2e6392057632007a81758ee17ea310f89a6
NeoBundleLock neosnippet-snippets dbce664a473e2344d2cc4e494fb5e408452646e2
NeoBundleLock nerdtree 15445be5fb2559829ac7a1f05af5d713586e8ec9
NeoBundleLock syntastic b8bdaa20be5e3caf8808da4da0a9b72706d416e3
NeoBundleLock taglist.vim 53041fbc45398a9af631a20657e109707a455339
NeoBundleLock tern_for_vim cb81fcf09f43e6225a62ac3b155b2aff908df920
NeoBundleLock unite.vim f5f79730fc23870ea4ea0e9678d37bee6467b9ba
NeoBundleLock vim-coffee-script 32fe889b8cafd3a4921ef8e6485156453ff58c42
NeoBundleLock vim-css3-syntax 04cdd2207b9446bdb7ca266d709573439dddabb1
NeoBundleLock vim-endwise 0067ceda37725d01b7bd5bf249d63b1b5d4e2ab4
NeoBundleLock vim-indent-guides 018298ead9d3aa9cd3b4ae222f81022a33978b09
NeoBundleLock vim-quickrun bb4daff0342ce3311b7f6c2fd3e2160f2be9e374
NeoBundleLock vimproc 36dbb9faacf229ba06d7c3c1e517914356c39137
